# THIS IS AN AUTOGENERATED FILE. DO NOT EDIT THIS FILE DIRECTLY.
# yarn lockfile v1


"bluebird@^3.5.1":
  "integrity" "sha512-DdmyoGCleJnkbp3nkbxTLJ18rjDsE4yCggEwKNXkeV123sPNfOCYeDoeuOY+F2FrSjO1YXcTU+dsy96KMy+gcg=="
  "resolved" "https://registry.npmjs.org/bluebird/-/bluebird-3.7.1.tgz"
  "version" "3.7.1"

"csvtojson@^2.0.10":
  "integrity" "sha512-lUWFxGKyhraKCW8Qghz6Z0f2l/PqB1W3AO0HKJzGIQ5JRSlR651ekJDiGJbBT4sRNNv5ddnSGVEnsxP9XRCVpQ=="
  "resolved" "https://registry.npmjs.org/csvtojson/-/csvtojson-2.0.10.tgz"
  "version" "2.0.10"
  dependencies:
    "bluebird" "^3.5.1"
    "lodash" "^4.17.3"
    "strip-bom" "^2.0.0"

"is-utf8@^0.2.0":
  "integrity" "sha1-Sw2hRCEE0bM2NA6AeX6GXPOffXI= sha512-rMYPYvCzsXywIsldgLaSoPlw5PfoB/ssr7hY4pLfcodrA5M/eArza1a9VmTiNIBNMjOGr1Ow9mTyU2o69U6U9Q=="
  "resolved" "https://registry.npmjs.org/is-utf8/-/is-utf8-0.2.1.tgz"
  "version" "0.2.1"

"lodash.capitalize@^4.2.1":
  "integrity" "sha1-+CbJtOKoUR2E46yinbBeGk87cqk= sha512-kZzYOKspf8XVX5AvmQF94gQW0lejFVgb80G85bU4ZWzoJ6C03PQg3coYAUpSTpQWelrZELd3XWgHzw4Ck5kaIw=="
  "resolved" "https://registry.npmjs.org/lodash.capitalize/-/lodash.capitalize-4.2.1.tgz"
  "version" "4.2.1"

"lodash.startcase@^4.4.0":
  "integrity" "sha1-lDbjTtJgk+1/+uGTYUQ1CRXZrdg= sha512-+WKqsK294HMSc2jEbNgpHpd0JfIBhp7rEV4aqXWqFr6AlXov+SlcgB1Fv01y2kGe3Gc8nMW7VA0SrGuSkRfIEg=="
  "resolved" "https://registry.npmjs.org/lodash.startcase/-/lodash.startcase-4.4.0.tgz"
  "version" "4.4.0"

"lodash@^4.17.3":
  "integrity" "sha512-v2kDEe57lecTulaDIuNTPy3Ry4gLGJ6Z1O3vE1krgXZNrsQ+LFTGHVxVjcXPs17LhbZVGedAJv8XZ1tvj5FvSg=="
  "resolved" "https://registry.npmjs.org/lodash/-/lodash-4.17.21.tgz"
  "version" "4.17.21"

"strip-bom@^2.0.0":
  "integrity" "sha1-YhmoVhZSBJHzV4i9vxRHqZx+aw4= sha512-kwrX1y7czp1E69n2ajbG65mIo9dqvJ+8aBQXOGVxqwvNbsXdFM6Lq37dLAY3mknUwru8CfcCbfOLL/gMo+fi3g=="
  "resolved" "https://registry.npmjs.org/strip-bom/-/strip-bom-2.0.0.tgz"
  "version" "2.0.0"
  dependencies:
    "is-utf8" "^0.2.0"
